
Microsoft Visual Studio Solution File, Format Version 12.00
# Visual Studio Version 16
VisualStudioVersion = 25.0.1706.14
MinimumVisualStudioVersion = 10.0.40219.1
Project("{FAE04EC0-301F-11D3-BF4B-00C04F79EFBC}") = "tpmodul5_2311104054", "tpmodul5_2311104054\tpmodul5_2311104054.csproj", "{976BDCB4-7D93-463F-A016-E7C078A26819}"
EndProject
Global
	GlobalSection(SolutionConfigurationPlatforms) = preSolution
		Debug|Any CPU = Debug|Any CPU
		Release|Any CPU = Release|Any CPU
	EndGlobalSection
	GlobalSection(ProjectConfigurationPlatforms) = postSolution
		{976BDCB4-7D93-463F-A016-E7C078A26819}.Debug|Any CPU.ActiveCfg = Debug|Any CPU
		{976BDCB4-7D93-463F-A016-E7C078A26819}.Debug|Any CPU.Build.0 = Debug|Any CPU
		{976BDCB4-7D93-463F-A016-E7C078A26819}.Release|Any CPU.ActiveCfg = Release|Any CPU
		{976BDCB4-7D93-463F-A016-E7C078A26819}.Release|Any CPU.Build.0 = Release|Any CPU
	EndGlobalSection
	GlobalSection(SolutionProperties) = preSolution
		HideSolutionNode = FALSE
	EndGlobalSection
	GlobalSection(ExtensibilityGlobals) = postSolution
		SolutionGuid = {E36878A6-BE80-4091-81C4-B43E62B8D266}
	EndGlobalSection
EndGlobal
