Microsoft Visual Studio Solution File, Format Version 12.00
# Visual Studio Version 17
VisualStudioVersion = 17.5.2.0
MinimumVisualStudioVersion = 10.0.40219.1
Project("{FAE04EC0-301F-11D3-BF4B-00C04F79EFBC}") = "modul3_2311104054", "modul3_2311104054.csproj", "{E65CE5DD-0D64-0381-B37C-4097B3EDB003}"
EndProject
Global
	GlobalSection(SolutionConfigurationPlatforms) = preSolution
		Debug|Any CPU = Debug|Any CPU
		Release|Any CPU = Release|Any CPU
	EndGlobalSection
	GlobalSection(ProjectConfigurationPlatforms) = postSolution
		{E65CE5DD-0D64-0381-B37C-4097B3EDB003}.Debug|Any CPU.ActiveCfg = Debug|Any CPU
		{E65CE5DD-0D64-0381-B37C-4097B3EDB003}.Debug|Any CPU.Build.0 = Debug|Any CPU
		{E65CE5DD-0D64-0381-B37C-4097B3EDB003}.Release|Any CPU.ActiveCfg = Release|Any CPU
		{E65CE5DD-0D64-0381-B37C-4097B3EDB003}.Release|Any CPU.Build.0 = Release|Any CPU
	EndGlobalSection
	GlobalSection(SolutionProperties) = preSolution
		HideSolutionNode = FALSE
	EndGlobalSection
	GlobalSection(ExtensibilityGlobals) = postSolution
		SolutionGuid = {C7D1B9B9-576F-4985-B016-694D440D1979}
	EndGlobalSection
EndGlobal
